Microsoft Visual Studio Solution File, Format Version 11.00
# Visual Studio 2008

Project("{10822288-66CC-493A-1B3E-39B551195FBB}") = "ModBot", "Assembly-CSharp.csproj", "{80E84380-8371-5632-662C-A3B3F1873B13}"
EndProject
Global
	GlobalSection(SolutionConfigurationPlatforms) = preSolution
		Debug|Any CPU = Debug|Any CPU
		Release|Any CPU = Release|Any CPU
	EndGlobalSection
	GlobalSection(ProjectConfigurationPlatforms) = postSolution
		{80E84380-8371-5632-662C-A3B3F1873B13}.Debug|Any CPU.ActiveCfg = Debug|Any CPU
		{80E84380-8371-5632-662C-A3B3F1873B13}.Debug|Any CPU.Build.0 = Debug|Any CPU
		{80E84380-8371-5632-662C-A3B3F1873B13}.Release|Any CPU.ActiveCfg = Release|Any CPU
		{80E84380-8371-5632-662C-A3B3F1873B13}.Release|Any CPU.Build.0 = Release|Any CPU
	EndGlobalSection
	GlobalSection(SolutionProperties) = preSolution
		HideSolutionNode = FALSE
	EndGlobalSection
	GlobalSection(MonoDevelopProperties) = preSolution
		StartupItem = Assembly-CSharp.csproj
	EndGlobalSection
EndGlobal
